
Microsoft Visual Studio Solution File, Format Version 12.00
# Visual Studio Version 17
VisualStudioVersion = 17.0.31903.59
MinimumVisualStudioVersion = 10.0.40219.1
Project("{2150E333-8FDC-42A3-9474-1A3956D46DE8}") = "src", "src", "{9502BC56-F841-43BD-A4BF-FB385ED21B2A}"
EndProject
Project("{FAE04EC0-301F-11D3-BF4B-00C04F79EFBC}") = "Calculator.Core", "src\Calculator.Core\Calculator.Core.csproj", "{057549A0-B3A1-46AD-B1CC-D9596BB459E1}"
EndProject
Project("{FAE04EC0-301F-11D3-BF4B-00C04F79EFBC}") = "Calculator.Console", "src\Calculator.Console\Calculator.Console.csproj", "{54F78D03-8C16-4DFF-8A8B-A44E81ED345C}"
EndProject
Project("{FAE04EC0-301F-11D3-BF4B-00C04F79EFBC}") = "Calculator.Server", "src\Calculator.Server\Calculator.Server.csproj", "{2DC7FCF2-7BEF-4308-9CDD-DB47DD88E60E}"
EndProject
Project("{2150E333-8FDC-42A3-9474-1A3956D46DE8}") = "tests", "tests", "{DAB2020A-D8EC-4F66-B77A-6FC051AC6A9E}"
EndProject
Project("{FAE04EC0-301F-11D3-BF4B-00C04F79EFBC}") = "Calculator.Console.Tests", "tests\Calculator.Console.Tests\Calculator.Console.Tests.csproj", "{2A1F5BEE-B2EA-4374-A930-66CAD7A16E2A}"
EndProject
Project("{FAE04EC0-301F-11D3-BF4B-00C04F79EFBC}") = "Calculator.Core.Tests", "tests\Calculator.Core.Tests\Calculator.Core.Tests.csproj", "{A794ACA9-5D30-4255-B473-C56E76945DB9}"
EndProject
Global
	GlobalSection(SolutionConfigurationPlatforms) = preSolution
		Debug|Any CPU = Debug|Any CPU
		Release|Any CPU = Release|Any CPU
	EndGlobalSection
	GlobalSection(SolutionProperties) = preSolution
		HideSolutionNode = FALSE
	EndGlobalSection
	GlobalSection(ProjectConfigurationPlatforms) = postSolution
		{057549A0-B3A1-46AD-B1CC-D9596BB459E1}.Debug|Any CPU.ActiveCfg = Debug|Any CPU
		{057549A0-B3A1-46AD-B1CC-D9596BB459E1}.Debug|Any CPU.Build.0 = Debug|Any CPU
		{057549A0-B3A1-46AD-B1CC-D9596BB459E1}.Release|Any CPU.ActiveCfg = Release|Any CPU
		{057549A0-B3A1-46AD-B1CC-D9596BB459E1}.Release|Any CPU.Build.0 = Release|Any CPU
		{54F78D03-8C16-4DFF-8A8B-A44E81ED345C}.Debug|Any CPU.ActiveCfg = Debug|Any CPU
		{54F78D03-8C16-4DFF-8A8B-A44E81ED345C}.Debug|Any CPU.Build.0 = Debug|Any CPU
		{54F78D03-8C16-4DFF-8A8B-A44E81ED345C}.Release|Any CPU.ActiveCfg = Release|Any CPU
		{54F78D03-8C16-4DFF-8A8B-A44E81ED345C}.Release|Any CPU.Build.0 = Release|Any CPU
		{2DC7FCF2-7BEF-4308-9CDD-DB47DD88E60E}.Debug|Any CPU.ActiveCfg = Debug|Any CPU
		{2DC7FCF2-7BEF-4308-9CDD-DB47DD88E60E}.Debug|Any CPU.Build.0 = Debug|Any CPU
		{2DC7FCF2-7BEF-4308-9CDD-DB47DD88E60E}.Release|Any CPU.ActiveCfg = Release|Any CPU
		{2DC7FCF2-7BEF-4308-9CDD-DB47DD88E60E}.Release|Any CPU.Build.0 = Release|Any CPU
		{2A1F5BEE-B2EA-4374-A930-66CAD7A16E2A}.Debug|Any CPU.ActiveCfg = Debug|Any CPU
		{2A1F5BEE-B2EA-4374-A930-66CAD7A16E2A}.Debug|Any CPU.Build.0 = Debug|Any CPU
		{2A1F5BEE-B2EA-4374-A930-66CAD7A16E2A}.Release|Any CPU.ActiveCfg = Release|Any CPU
		{2A1F5BEE-B2EA-4374-A930-66CAD7A16E2A}.Release|Any CPU.Build.0 = Release|Any CPU
		{A794ACA9-5D30-4255-B473-C56E76945DB9}.Debug|Any CPU.ActiveCfg = Debug|Any CPU
		{A794ACA9-5D30-4255-B473-C56E76945DB9}.Debug|Any CPU.Build.0 = Debug|Any CPU
		{A794ACA9-5D30-4255-B473-C56E76945DB9}.Release|Any CPU.ActiveCfg = Release|Any CPU
		{A794ACA9-5D30-4255-B473-C56E76945DB9}.Release|Any CPU.Build.0 = Release|Any CPU
	EndGlobalSection
	GlobalSection(NestedProjects) = preSolution
		{057549A0-B3A1-46AD-B1CC-D9596BB459E1} = {9502BC56-F841-43BD-A4BF-FB385ED21B2A}
		{54F78D03-8C16-4DFF-8A8B-A44E81ED345C} = {9502BC56-F841-43BD-A4BF-FB385ED21B2A}
		{2DC7FCF2-7BEF-4308-9CDD-DB47DD88E60E} = {9502BC56-F841-43BD-A4BF-FB385ED21B2A}
		{2A1F5BEE-B2EA-4374-A930-66CAD7A16E2A} = {DAB2020A-D8EC-4F66-B77A-6FC051AC6A9E}
		{A794ACA9-5D30-4255-B473-C56E76945DB9} = {DAB2020A-D8EC-4F66-B77A-6FC051AC6A9E}
	EndGlobalSection
EndGlobal
