
Microsoft Visual Studio Solution File, Format Version 12.00
# Visual Studio Version 17
VisualStudioVersion = 17.0.31903.59
MinimumVisualStudioVersion = 10.0.40219.1
Project("{FAE04EC0-301F-11D3-BF4B-00C04F79EFBC}") = "library", "library\library.csproj", "{D450DD8E-1C88-4BB1-BB26-F483673EA041}"
EndProject
Project("{FAE04EC0-301F-11D3-BF4B-00C04F79EFBC}") = "library.tests", "library.tests\library.tests.csproj", "{05C9C356-03F9-4715-B4FF-36EF474EACF2}"
EndProject
Global
	GlobalSection(SolutionConfigurationPlatforms) = preSolution
		Debug|Any CPU = Debug|Any CPU
		Release|Any CPU = Release|Any CPU
	EndGlobalSection
	GlobalSection(SolutionProperties) = preSolution
		HideSolutionNode = FALSE
	EndGlobalSection
	GlobalSection(ProjectConfigurationPlatforms) = postSolution
		{D450DD8E-1C88-4BB1-BB26-F483673EA041}.Debug|Any CPU.ActiveCfg = Debug|Any CPU
		{D450DD8E-1C88-4BB1-BB26-F483673EA041}.Debug|Any CPU.Build.0 = Debug|Any CPU
		{D450DD8E-1C88-4BB1-BB26-F483673EA041}.Release|Any CPU.ActiveCfg = Release|Any CPU
		{D450DD8E-1C88-4BB1-BB26-F483673EA041}.Release|Any CPU.Build.0 = Release|Any CPU
		{05C9C356-03F9-4715-B4FF-36EF474EACF2}.Debug|Any CPU.ActiveCfg = Debug|Any CPU
		{05C9C356-03F9-4715-B4FF-36EF474EACF2}.Debug|Any CPU.Build.0 = Debug|Any CPU
		{05C9C356-03F9-4715-B4FF-36EF474EACF2}.Release|Any CPU.ActiveCfg = Release|Any CPU
		{05C9C356-03F9-4715-B4FF-36EF474EACF2}.Release|Any CPU.Build.0 = Release|Any CPU
	EndGlobalSection
EndGlobal
