
Microsoft Visual Studio Solution File, Format Version 12.00
# Visual Studio Version 17
VisualStudioVersion = 17.9.34502.10
MinimumVisualStudioVersion = 10.0.40219.1
Project("{2150E333-8FDC-42A3-9474-1A3956D46DE8}") = "src", "src", "{7D136571-B643-4CCF-AC78-C031D65B4F3F}"
EndProject
Project("{2150E333-8FDC-42A3-9474-1A3956D46DE8}") = "tests", "tests", "{86A86D8A-ABEE-43C8-99A1-4BD6F1928194}"
EndProject
Project("{9A19103F-16F7-4668-BE54-9A1E7A4F7556}") = "CoverageStatus", "src\CoverageStatus\CoverageStatus.csproj", "{178730C9-EBD9-4A56-8A95-D5985015C04B}"
EndProject
Project("{9A19103F-16F7-4668-BE54-9A1E7A4F7556}") = "CoverageStatus.Tests", "tests\CoverageStatus.Tests\CoverageStatus.Tests.csproj", "{75268D0A-BD93-400C-832C-58D625AC418B}"
EndProject
Project("{2150E333-8FDC-42A3-9474-1A3956D46DE8}") = "scenarios", "scenarios", "{1BF973D4-E255-42A6-BFDC-5743FDA937BE}"
	ProjectSection(SolutionItems) = preProject
		README.md = README.md
	EndProjectSection
EndProject
Project("{2150E333-8FDC-42A3-9474-1A3956D46DE8}") = "scenario01", "scenario01", "{361476F3-BE2F-4787-9E52-61F0F2477630}"
	ProjectSection(SolutionItems) = preProject
		scenarios\scenario01\README.md = scenarios\scenario01\README.md
	EndProjectSection
EndProject
Project("{9A19103F-16F7-4668-BE54-9A1E7A4F7556}") = "MultiTfmLibrary", "src\MultiTfmLibrary\MultiTfmLibrary.csproj", "{DAFA6101-898A-4617-9E2B-A9319816C1A9}"
EndProject
Project("{9A19103F-16F7-4668-BE54-9A1E7A4F7556}") = "MultiTfmLibrary.Tests", "tests\MultiTfmLibrary.Tests\MultiTfmLibrary.Tests.csproj", "{EE3E91C3-FD22-4DCF-9C2B-E9ACC655475E}"
EndProject
Project("{FAE04EC0-301F-11D3-BF4B-00C04F79EFBC}") = "SourceViewLibrary", "src\SourceViewLibrary\SourceViewLibrary.csproj", "{3729BA9A-24AD-4D39-BB66-7F03E5B77D1A}"
EndProject
Project("{FAE04EC0-301F-11D3-BF4B-00C04F79EFBC}") = "SourceViewLibrary.Tests", "tests\SourceViewLibrary.Tests\SourceViewLibrary.Tests.csproj", "{B986EE4E-BCA6-41CC-ADB2-97A35399F971}"
EndProject
Project("{9A19103F-16F7-4668-BE54-9A1E7A4F7556}") = "ChangesetViewLibrary", "src\ChangesetViewLibrary\ChangesetViewLibrary.csproj", "{CD8FBF29-3AB4-429C-9C6B-78F6DB373752}"
EndProject
Project("{9A19103F-16F7-4668-BE54-9A1E7A4F7556}") = "ChangesetViewLibrary.Tests", "tests\ChangesetViewLibrary.Tests\ChangesetViewLibrary.Tests.csproj", "{80FB8BAF-5F8D-4692-BF86-8136F51977EB}"
EndProject
Global
	GlobalSection(NestedProjects) = preSolution
		{178730C9-EBD9-4A56-8A95-D5985015C04B} = {7D136571-B643-4CCF-AC78-C031D65B4F3F}
		{361476F3-BE2F-4787-9E52-61F0F2477630} = {1BF973D4-E255-42A6-BFDC-5743FDA937BE}
		{3729BA9A-24AD-4D39-BB66-7F03E5B77D1A} = {7D136571-B643-4CCF-AC78-C031D65B4F3F}
		{75268D0A-BD93-400C-832C-58D625AC418B} = {86A86D8A-ABEE-43C8-99A1-4BD6F1928194}
		{80FB8BAF-5F8D-4692-BF86-8136F51977EB} = {86A86D8A-ABEE-43C8-99A1-4BD6F1928194}
		{B986EE4E-BCA6-41CC-ADB2-97A35399F971} = {86A86D8A-ABEE-43C8-99A1-4BD6F1928194}
		{CD8FBF29-3AB4-429C-9C6B-78F6DB373752} = {7D136571-B643-4CCF-AC78-C031D65B4F3F}
		{DAFA6101-898A-4617-9E2B-A9319816C1A9} = {7D136571-B643-4CCF-AC78-C031D65B4F3F}
		{EE3E91C3-FD22-4DCF-9C2B-E9ACC655475E} = {86A86D8A-ABEE-43C8-99A1-4BD6F1928194}
	EndGlobalSection
	GlobalSection(ProjectConfigurationPlatforms) = postSolution
		{80FB8BAF-5F8D-4692-BF86-8136F51977EB}.Debug|Any CPU.ActiveCfg = Debug|Any CPU
		{80FB8BAF-5F8D-4692-BF86-8136F51977EB}.Debug|Any CPU.Build.0 = Debug|Any CPU
		{80FB8BAF-5F8D-4692-BF86-8136F51977EB}.Release|Any CPU.ActiveCfg = Release|Any CPU
		{80FB8BAF-5F8D-4692-BF86-8136F51977EB}.Release|Any CPU.Build.0 = Release|Any CPU
		{CD8FBF29-3AB4-429C-9C6B-78F6DB373752}.Debug|Any CPU.ActiveCfg = Debug|Any CPU
		{CD8FBF29-3AB4-429C-9C6B-78F6DB373752}.Debug|Any CPU.Build.0 = Debug|Any CPU
		{CD8FBF29-3AB4-429C-9C6B-78F6DB373752}.Release|Any CPU.ActiveCfg = Release|Any CPU
		{CD8FBF29-3AB4-429C-9C6B-78F6DB373752}.Release|Any CPU.Build.0 = Release|Any CPU
	EndGlobalSection
	GlobalSection(SolutionConfigurationPlatforms) = preSolution
		Debug|Any CPU = Debug|Any CPU
		Release|Any CPU = Release|Any CPU
	EndGlobalSection
	GlobalSection(SolutionProperties) = preSolution
		HideSolutionNode = FALSE
	EndGlobalSection
	GlobalSection(ExtensibilityGlobals) = postSolution
		SolutionGuid = {1D6E5693-E2B7-4064-844A-EBC705D69764}
	EndGlobalSection
EndGlobal
